
Microsoft Visual Studio Solution File, Format Version 12.00
# Visual Studio Version 16
VisualStudioVersion = 16.0.31112.23
MinimumVisualStudioVersion = 10.0.40219.1
Project("{9A19103F-16F7-4668-BE54-9A1E7A4F7556}") = "ProASPNETCoreFirstProject", "ProASPNETCoreFirstProject\ProASPNETCoreFirstProject.csproj", "{1573D21A-08DA-45F6-B74B-8E11F526872E}"
EndProject
Project("{9A19103F-16F7-4668-BE54-9A1E7A4F7556}") = "SimpleApp.Tests", "SimpleApp.Tests\SimpleApp.Tests.csproj", "{4977AAC3-594A-4EB5-BB5D-DB6025DD29E1}"
EndProject
Project("{9A19103F-16F7-4668-BE54-9A1E7A4F7556}") = "SportsStore", "SportsStore\SportsStore.csproj", "{0F50DD1F-6891-46A7-BA52-B0305B3231E7}"
EndProject
Project("{9A19103F-16F7-4668-BE54-9A1E7A4F7556}") = "SportsStore.Tests", "SportsStore.Tests\SportsStore.Tests.csproj", "{0DEDD8FE-52AD-4E1C-90C5-9D22B9414113}"
EndProject
Project("{9A19103F-16F7-4668-BE54-9A1E7A4F7556}") = "Platform", "Platform\Platform.csproj", "{C38B655D-61CF-4F7C-B4AD-C5EC8CB8E5E1}"
EndProject
Project("{9A19103F-16F7-4668-BE54-9A1E7A4F7556}") = "WebApp", "WebApp\WebApp.csproj", "{BE360C64-C3D8-4D37-8CB1-D48F957D8B15}"
EndProject
Project("{9A19103F-16F7-4668-BE54-9A1E7A4F7556}") = "Advanced", "Advanced\Advanced.csproj", "{4CBB2531-5626-493A-91BD-056BA72EA3CE}"
EndProject
Project("{9A19103F-16F7-4668-BE54-9A1E7A4F7556}") = "IISTestApplication", "IISTestApplication\IISTestApplication.csproj", "{CC9AF52E-2191-410E-81E1-78F71B3AACD4}"
EndProject
Project("{9A19103F-16F7-4668-BE54-9A1E7A4F7556}") = "IISTestApplicationTest", "IISTestApplicationTest\IISTestApplicationTest.csproj", "{DFFAC594-47BF-4504-B146-0C9143B17C15}"
EndProject
Project("{9A19103F-16F7-4668-BE54-9A1E7A4F7556}") = "GrpcService", "GrpcService\GrpcService.csproj", "{0EFD7156-97A9-49C5-9581-294AF9D2D58A}"
EndProject
Project("{9A19103F-16F7-4668-BE54-9A1E7A4F7556}") = "GrpcClient", "GrpcClient\GrpcClient.csproj", "{2CD26EB4-BDB7-46F8-B498-2FA111D78CF7}"
EndProject
Project("{9A19103F-16F7-4668-BE54-9A1E7A4F7556}") = "OData", "OData\OData.csproj", "{DDCC191C-B0AD-405A-9886-A1BA786173A4}"
EndProject
Project("{FAE04EC0-301F-11D3-BF4B-00C04F79EFBC}") = "TestProject", "TestProject\TestProject.csproj", "{BDDC0002-E652-4CBA-9EB0-02C8182AD6F5}"
EndProject
Project("{FAE04EC0-301F-11D3-BF4B-00C04F79EFBC}") = "CreditCardApplications", "CreditCardApplications\CreditCardApplications.csproj", "{3A21EC82-FA44-4CE5-BFF6-043AA0B2577B}"
EndProject
Project("{FAE04EC0-301F-11D3-BF4B-00C04F79EFBC}") = "CreditCardApplications.Tests", "CreditCardApplications.Tests\CreditCardApplications.Tests.csproj", "{CF61676A-AE20-40E2-8CB8-7B0E7329F2DE}"
EndProject
Global
	GlobalSection(SolutionConfigurationPlatforms) = preSolution
		Debug|Any CPU = Debug|Any CPU
		Release|Any CPU = Release|Any CPU
	EndGlobalSection
	GlobalSection(ProjectConfigurationPlatforms) = postSolution
		{1573D21A-08DA-45F6-B74B-8E11F526872E}.Debug|Any CPU.ActiveCfg = Debug|Any CPU
		{1573D21A-08DA-45F6-B74B-8E11F526872E}.Debug|Any CPU.Build.0 = Debug|Any CPU
		{1573D21A-08DA-45F6-B74B-8E11F526872E}.Release|Any CPU.ActiveCfg = Release|Any CPU
		{1573D21A-08DA-45F6-B74B-8E11F526872E}.Release|Any CPU.Build.0 = Release|Any CPU
		{4977AAC3-594A-4EB5-BB5D-DB6025DD29E1}.Debug|Any CPU.ActiveCfg = Debug|Any CPU
		{4977AAC3-594A-4EB5-BB5D-DB6025DD29E1}.Debug|Any CPU.Build.0 = Debug|Any CPU
		{4977AAC3-594A-4EB5-BB5D-DB6025DD29E1}.Release|Any CPU.ActiveCfg = Release|Any CPU
		{4977AAC3-594A-4EB5-BB5D-DB6025DD29E1}.Release|Any CPU.Build.0 = Release|Any CPU
		{0F50DD1F-6891-46A7-BA52-B0305B3231E7}.Debug|Any CPU.ActiveCfg = Debug|Any CPU
		{0F50DD1F-6891-46A7-BA52-B0305B3231E7}.Debug|Any CPU.Build.0 = Debug|Any CPU
		{0F50DD1F-6891-46A7-BA52-B0305B3231E7}.Release|Any CPU.ActiveCfg = Release|Any CPU
		{0F50DD1F-6891-46A7-BA52-B0305B3231E7}.Release|Any CPU.Build.0 = Release|Any CPU
		{0DEDD8FE-52AD-4E1C-90C5-9D22B9414113}.Debug|Any CPU.ActiveCfg = Debug|Any CPU
		{0DEDD8FE-52AD-4E1C-90C5-9D22B9414113}.Debug|Any CPU.Build.0 = Debug|Any CPU
		{0DEDD8FE-52AD-4E1C-90C5-9D22B9414113}.Release|Any CPU.ActiveCfg = Release|Any CPU
		{0DEDD8FE-52AD-4E1C-90C5-9D22B9414113}.Release|Any CPU.Build.0 = Release|Any CPU
		{C38B655D-61CF-4F7C-B4AD-C5EC8CB8E5E1}.Debug|Any CPU.ActiveCfg = Debug|Any CPU
		{C38B655D-61CF-4F7C-B4AD-C5EC8CB8E5E1}.Debug|Any CPU.Build.0 = Debug|Any CPU
		{C38B655D-61CF-4F7C-B4AD-C5EC8CB8E5E1}.Release|Any CPU.ActiveCfg = Release|Any CPU
		{C38B655D-61CF-4F7C-B4AD-C5EC8CB8E5E1}.Release|Any CPU.Build.0 = Release|Any CPU
		{BE360C64-C3D8-4D37-8CB1-D48F957D8B15}.Debug|Any CPU.ActiveCfg = Debug|Any CPU
		{BE360C64-C3D8-4D37-8CB1-D48F957D8B15}.Debug|Any CPU.Build.0 = Debug|Any CPU
		{BE360C64-C3D8-4D37-8CB1-D48F957D8B15}.Release|Any CPU.ActiveCfg = Release|Any CPU
		{BE360C64-C3D8-4D37-8CB1-D48F957D8B15}.Release|Any CPU.Build.0 = Release|Any CPU
		{4CBB2531-5626-493A-91BD-056BA72EA3CE}.Debug|Any CPU.ActiveCfg = Debug|Any CPU
		{4CBB2531-5626-493A-91BD-056BA72EA3CE}.Debug|Any CPU.Build.0 = Debug|Any CPU
		{4CBB2531-5626-493A-91BD-056BA72EA3CE}.Release|Any CPU.ActiveCfg = Release|Any CPU
		{4CBB2531-5626-493A-91BD-056BA72EA3CE}.Release|Any CPU.Build.0 = Release|Any CPU
		{CC9AF52E-2191-410E-81E1-78F71B3AACD4}.Debug|Any CPU.ActiveCfg = Debug|Any CPU
		{CC9AF52E-2191-410E-81E1-78F71B3AACD4}.Debug|Any CPU.Build.0 = Debug|Any CPU
		{CC9AF52E-2191-410E-81E1-78F71B3AACD4}.Release|Any CPU.ActiveCfg = Release|Any CPU
		{CC9AF52E-2191-410E-81E1-78F71B3AACD4}.Release|Any CPU.Build.0 = Release|Any CPU
		{DFFAC594-47BF-4504-B146-0C9143B17C15}.Debug|Any CPU.ActiveCfg = Debug|Any CPU
		{DFFAC594-47BF-4504-B146-0C9143B17C15}.Debug|Any CPU.Build.0 = Debug|Any CPU
		{DFFAC594-47BF-4504-B146-0C9143B17C15}.Release|Any CPU.ActiveCfg = Release|Any CPU
		{DFFAC594-47BF-4504-B146-0C9143B17C15}.Release|Any CPU.Build.0 = Release|Any CPU
		{0EFD7156-97A9-49C5-9581-294AF9D2D58A}.Debug|Any CPU.ActiveCfg = Debug|Any CPU
		{0EFD7156-97A9-49C5-9581-294AF9D2D58A}.Debug|Any CPU.Build.0 = Debug|Any CPU
		{0EFD7156-97A9-49C5-9581-294AF9D2D58A}.Release|Any CPU.ActiveCfg = Release|Any CPU
		{0EFD7156-97A9-49C5-9581-294AF9D2D58A}.Release|Any CPU.Build.0 = Release|Any CPU
		{2CD26EB4-BDB7-46F8-B498-2FA111D78CF7}.Debug|Any CPU.ActiveCfg = Debug|Any CPU
		{2CD26EB4-BDB7-46F8-B498-2FA111D78CF7}.Debug|Any CPU.Build.0 = Debug|Any CPU
		{2CD26EB4-BDB7-46F8-B498-2FA111D78CF7}.Release|Any CPU.ActiveCfg = Release|Any CPU
		{2CD26EB4-BDB7-46F8-B498-2FA111D78CF7}.Release|Any CPU.Build.0 = Release|Any CPU
		{DDCC191C-B0AD-405A-9886-A1BA786173A4}.Debug|Any CPU.ActiveCfg = Debug|Any CPU
		{DDCC191C-B0AD-405A-9886-A1BA786173A4}.Debug|Any CPU.Build.0 = Debug|Any CPU
		{DDCC191C-B0AD-405A-9886-A1BA786173A4}.Release|Any CPU.ActiveCfg = Release|Any CPU
		{DDCC191C-B0AD-405A-9886-A1BA786173A4}.Release|Any CPU.Build.0 = Release|Any CPU
		{BDDC0002-E652-4CBA-9EB0-02C8182AD6F5}.Debug|Any CPU.ActiveCfg = Debug|Any CPU
		{BDDC0002-E652-4CBA-9EB0-02C8182AD6F5}.Debug|Any CPU.Build.0 = Debug|Any CPU
		{BDDC0002-E652-4CBA-9EB0-02C8182AD6F5}.Release|Any CPU.ActiveCfg = Release|Any CPU
		{BDDC0002-E652-4CBA-9EB0-02C8182AD6F5}.Release|Any CPU.Build.0 = Release|Any CPU
		{3A21EC82-FA44-4CE5-BFF6-043AA0B2577B}.Debug|Any CPU.ActiveCfg = Debug|Any CPU
		{3A21EC82-FA44-4CE5-BFF6-043AA0B2577B}.Debug|Any CPU.Build.0 = Debug|Any CPU
		{3A21EC82-FA44-4CE5-BFF6-043AA0B2577B}.Release|Any CPU.ActiveCfg = Release|Any CPU
		{3A21EC82-FA44-4CE5-BFF6-043AA0B2577B}.Release|Any CPU.Build.0 = Release|Any CPU
		{CF61676A-AE20-40E2-8CB8-7B0E7329F2DE}.Debug|Any CPU.ActiveCfg = Debug|Any CPU
		{CF61676A-AE20-40E2-8CB8-7B0E7329F2DE}.Debug|Any CPU.Build.0 = Debug|Any CPU
		{CF61676A-AE20-40E2-8CB8-7B0E7329F2DE}.Release|Any CPU.ActiveCfg = Release|Any CPU
		{CF61676A-AE20-40E2-8CB8-7B0E7329F2DE}.Release|Any CPU.Build.0 = Release|Any CPU
	EndGlobalSection
	GlobalSection(SolutionProperties) = preSolution
		HideSolutionNode = FALSE
	EndGlobalSection
	GlobalSection(ExtensibilityGlobals) = postSolution
		SolutionGuid = {D04FB73F-39B3-4E14-A378-BA55B7E3035F}
	EndGlobalSection
EndGlobal
