
Microsoft Visual Studio Solution File, Format Version 12.00
# Visual Studio Version 16
VisualStudioVersion = 16.0.31112.23
MinimumVisualStudioVersion = 10.0.40219.1
Project("{FAE04EC0-301F-11D3-BF4B-00C04F79EFBC}") = "ProASPNETCoreFirstProject", "ProASPNETCoreFirstProject\ProASPNETCoreFirstProject.csproj", "{1573D21A-08DA-45F6-B74B-8E11F526872E}"
EndProject
Global
	GlobalSection(SolutionConfigurationPlatforms) = preSolution
		Debug|Any CPU = Debug|Any CPU
		Release|Any CPU = Release|Any CPU
	EndGlobalSection
	GlobalSection(ProjectConfigurationPlatforms) = postSolution
		{1573D21A-08DA-45F6-B74B-8E11F526872E}.Debug|Any CPU.ActiveCfg = Debug|Any CPU
		{1573D21A-08DA-45F6-B74B-8E11F526872E}.Debug|Any CPU.Build.0 = Debug|Any CPU
		{1573D21A-08DA-45F6-B74B-8E11F526872E}.Release|Any CPU.ActiveCfg = Release|Any CPU
		{1573D21A-08DA-45F6-B74B-8E11F526872E}.Release|Any CPU.Build.0 = Release|Any CPU
	EndGlobalSection
	GlobalSection(SolutionProperties) = preSolution
		HideSolutionNode = FALSE
	EndGlobalSection
	GlobalSection(ExtensibilityGlobals) = postSolution
		SolutionGuid = {D04FB73F-39B3-4E14-A378-BA55B7E3035F}
	EndGlobalSection
EndGlobal
